
Microsoft Visual Studio Solution File, Format Version 12.00
# Visual Studio Version 17
VisualStudioVersion = 17.8.34316.72
MinimumVisualStudioVersion = 10.0.40219.1
Project("{9A19103F-16F7-4668-BE54-9A1E7A4F7556}") = "E-Learning.Models", "E-Learning.Models\E-Learning.Models.csproj", "{1006266E-EE71-48AE-AC83-CEB442205F7D}"
EndProject
Project("{9A19103F-16F7-4668-BE54-9A1E7A4F7556}") = "E-Learning.Application", "E-Learning.Application\E-Learning.Application.csproj", "{0EBBE392-16C1-4A15-BED5-4357067DA003}"
EndProject
Project("{9A19103F-16F7-4668-BE54-9A1E7A4F7556}") = "E-Learning.Context", "E-Learning.Context\E-Learning.Context.csproj", "{9D8E7583-853A-47CF-8EA4-25F044B82B7E}"
EndProject
Project("{9A19103F-16F7-4668-BE54-9A1E7A4F7556}") = "E-Learning.Dtos", "E-Learning.Dtos\E-Learning.Dtos.csproj", "{714A1466-4DE7-406E-AC4C-A3B0148E20B9}"
EndProject
Project("{9A19103F-16F7-4668-BE54-9A1E7A4F7556}") = "E-Learning.Infrastructure", "E-Learning.Infrastructure\E-Learning.Infrastructure.csproj", "{27E86196-2D71-4233-867A-416B2E8A475E}"
EndProject
Project("{FAE04EC0-301F-11D3-BF4B-00C04F79EFBC}") = "E-Learning.View", "E-Learning.View\E-Learning.View.csproj", "{41529096-1DE5-487F-A47F-7F489D5324D8}"
EndProject
Global
	GlobalSection(SolutionConfigurationPlatforms) = preSolution
		Debug|Any CPU = Debug|Any CPU
		Release|Any CPU = Release|Any CPU
	EndGlobalSection
	GlobalSection(ProjectConfigurationPlatforms) = postSolution
		{1006266E-EE71-48AE-AC83-CEB442205F7D}.Debug|Any CPU.ActiveCfg = Debug|Any CPU
		{1006266E-EE71-48AE-AC83-CEB442205F7D}.Debug|Any CPU.Build.0 = Debug|Any CPU
		{1006266E-EE71-48AE-AC83-CEB442205F7D}.Release|Any CPU.ActiveCfg = Release|Any CPU
		{1006266E-EE71-48AE-AC83-CEB442205F7D}.Release|Any CPU.Build.0 = Release|Any CPU
		{0EBBE392-16C1-4A15-BED5-4357067DA003}.Debug|Any CPU.ActiveCfg = Debug|Any CPU
		{0EBBE392-16C1-4A15-BED5-4357067DA003}.Debug|Any CPU.Build.0 = Debug|Any CPU
		{0EBBE392-16C1-4A15-BED5-4357067DA003}.Release|Any CPU.ActiveCfg = Release|Any CPU
		{0EBBE392-16C1-4A15-BED5-4357067DA003}.Release|Any CPU.Build.0 = Release|Any CPU
		{9D8E7583-853A-47CF-8EA4-25F044B82B7E}.Debug|Any CPU.ActiveCfg = Debug|Any CPU
		{9D8E7583-853A-47CF-8EA4-25F044B82B7E}.Debug|Any CPU.Build.0 = Debug|Any CPU
		{9D8E7583-853A-47CF-8EA4-25F044B82B7E}.Release|Any CPU.ActiveCfg = Release|Any CPU
		{9D8E7583-853A-47CF-8EA4-25F044B82B7E}.Release|Any CPU.Build.0 = Release|Any CPU
		{714A1466-4DE7-406E-AC4C-A3B0148E20B9}.Debug|Any CPU.ActiveCfg = Debug|Any CPU
		{714A1466-4DE7-406E-AC4C-A3B0148E20B9}.Debug|Any CPU.Build.0 = Debug|Any CPU
		{714A1466-4DE7-406E-AC4C-A3B0148E20B9}.Release|Any CPU.ActiveCfg = Release|Any CPU
		{714A1466-4DE7-406E-AC4C-A3B0148E20B9}.Release|Any CPU.Build.0 = Release|Any CPU
		{27E86196-2D71-4233-867A-416B2E8A475E}.Debug|Any CPU.ActiveCfg = Debug|Any CPU
		{27E86196-2D71-4233-867A-416B2E8A475E}.Debug|Any CPU.Build.0 = Debug|Any CPU
		{27E86196-2D71-4233-867A-416B2E8A475E}.Release|Any CPU.ActiveCfg = Release|Any CPU
		{27E86196-2D71-4233-867A-416B2E8A475E}.Release|Any CPU.Build.0 = Release|Any CPU
		{41529096-1DE5-487F-A47F-7F489D5324D8}.Debug|Any CPU.ActiveCfg = Debug|Any CPU
		{41529096-1DE5-487F-A47F-7F489D5324D8}.Debug|Any CPU.Build.0 = Debug|Any CPU
		{41529096-1DE5-487F-A47F-7F489D5324D8}.Release|Any CPU.ActiveCfg = Release|Any CPU
		{41529096-1DE5-487F-A47F-7F489D5324D8}.Release|Any CPU.Build.0 = Release|Any CPU
	EndGlobalSection
	GlobalSection(SolutionProperties) = preSolution
		HideSolutionNode = FALSE
	EndGlobalSection
	GlobalSection(ExtensibilityGlobals) = postSolution
		SolutionGuid = {19A88E54-4210-4CE4-B18D-1F054CF8D12A}
	EndGlobalSection
EndGlobal
